
Microsoft Visual Studio Solution File, Format Version 12.00
# Visual Studio 15
VisualStudioVersion = 15.0.28307.489
MinimumVisualStudioVersion = 10.0.40219.1
Project("{FAE04EC0-301F-11D3-BF4B-00C04F79EFBC}") = "ConsoleApp3", "ConsoleApp3\ConsoleApp3.csproj", "{6ABA770F-C5D1-4254-8019-4EB350AB0B7C}"
EndProject
Global
	GlobalSection(SolutionConfigurationPlatforms) = preSolution
		Debug|Any CPU = Debug|Any CPU
		Release|Any CPU = Release|Any CPU
	EndGlobalSection
	GlobalSection(ProjectConfigurationPlatforms) = postSolution
		{6ABA770F-C5D1-4254-8019-4EB350AB0B7C}.Debug|Any CPU.ActiveCfg = Debug|Any CPU
		{6ABA770F-C5D1-4254-8019-4EB350AB0B7C}.Debug|Any CPU.Build.0 = Debug|Any CPU
		{6ABA770F-C5D1-4254-8019-4EB350AB0B7C}.Release|Any CPU.ActiveCfg = Release|Any CPU
		{6ABA770F-C5D1-4254-8019-4EB350AB0B7C}.Release|Any CPU.Build.0 = Release|Any CPU
	EndGlobalSection
	GlobalSection(SolutionProperties) = preSolution
		HideSolutionNode = FALSE
	EndGlobalSection
	GlobalSection(ExtensibilityGlobals) = postSolution
		SolutionGuid = {BBF1B94C-3C06-49EA-A3A9-86DF79CC7698}
	EndGlobalSection
EndGlobal
